<?xml version="1.0" encoding="utf-8"?>
<Project ToolsVersion="4.0" xmlns="http://schemas.microsoft.com/developer/msbuild/2003">
  <ItemGroup>
    <Filter Include="Cobalt">
      <UniqueIdentifier>{FAAE38AC-E650-6382-CF0B-77D6BB4CEAD2}</UniqueIdentifier>
    </Filter>
  </ItemGroup>
  <ItemGroup>
    <ClInclude Include="src\Cobalt.h" />
    <ClInclude Include="src\Cobalt\Application.h">
      <Filter>Cobalt</Filter>
    </ClInclude>
    <ClInclude Include="src\Cobalt\Core.h">
      <Filter>Cobalt</Filter>
    </ClInclude>
    <ClInclude Include="src\Cobalt\EntryPoint.h">
      <Filter>Cobalt</Filter>
    </ClInclude>
    <ClInclude Include="src\Cobalt\Log.h">
      <Filter>Cobalt</Filter>
    </ClInclude>
  </ItemGroup>
  <ItemGroup>
    <ClCompile Include="src\Cobalt\Application.cpp">
      <Filter>Cobalt</Filter>
    </ClCompile>
    <ClCompile Include="src\Cobalt\Log.cpp">
      <Filter>Cobalt</Filter>
    </ClCompile>
  </ItemGroup>
</Project>